{
  "name": "athena-tui",
  "version": "1.0.26",
  "lockfileVersion": 3,
  "requires": true,
  "packages": {
    "": {
      "name": "athena-tui",
      "version": "1.0.26",
      "license": "CC-BY-NC-4.0",
      "bin": {
        "athena-tui": "src/index.js"
      },
      "engines": {
        "node": ">=22"
      }
    }
  }
}
