{
  "name": "athenasearch-tui",
  "version": "1.0.0",
  "lockfileVersion": 3,
  "requires": true,
  "packages": {
    "": {
      "name": "athenasearch-tui",
      "version": "1.0.0",
      "license": "CC-BY-NC-4.0",
      "dependencies": {
        "athena-tui": "^1.0.0"
      },
      "bin": {
        "athena-tui": "cli.js",
        "athenasearch-tui": "cli.js"
      },
      "engines": {
        "node": ">=22"
      }
    },
    "node_modules/athena-tui": {
      "version": "1.0.0",
      "resolved": "https://registry.npmjs.org/athena-tui/-/athena-tui-1.0.0.tgz",
      "integrity": "sha512-MP0Ub0lonj20mEFXOzkAj8pe4JRNVS8WAvZXg3TzG+pAe1CaZKYEeIQWl2o16rq9GPhiByc9s+X7loetXQrYRg==",
      "license": "CC-BY-NC-4.0",
      "bin": {
        "athena-tui": "src/index.js"
      },
      "engines": {
        "node": ">=22"
      }
    }
  }
}
